
Microsoft Visual Studio Solution File, Format Version 12.00
# Visual Studio 15
Project("{FAE04EC0-301F-11D3-BF4B-00C04F79EFBC}") = "S10E2", "S10E2\S10E2.csproj", "{4239B024-0756-4987-97BB-D8DEA8BED296}"
EndProject
Global
	GlobalSection(SolutionConfigurationPlatforms) = preSolution
		Debug|Any CPU = Debug|Any CPU
		Release|Any CPU = Release|Any CPU
	EndGlobalSection
	GlobalSection(ProjectConfigurationPlatforms) = postSolution
		{4239B024-0756-4987-97BB-D8DEA8BED296}.Debug|Any CPU.ActiveCfg = Debug|Any CPU
		{4239B024-0756-4987-97BB-D8DEA8BED296}.Debug|Any CPU.Build.0 = Debug|Any CPU
		{4239B024-0756-4987-97BB-D8DEA8BED296}.Release|Any CPU.ActiveCfg = Release|Any CPU
		{4239B024-0756-4987-97BB-D8DEA8BED296}.Release|Any CPU.Build.0 = Release|Any CPU
	EndGlobalSection
EndGlobal
